// !$*UTF8*$!
{
	archiveVersion = 1;
	classes = {
	};
	objectVersion = 56;
	objects = {

/* Begin PBXBuildFile section */
		CB2001 /* CrestApp.swift in Sources */ = {isa = PBXBuildFile; fileRef = CF1001 /* CrestApp.swift */; };
		CB2002 /* Quote.swift in Sources */ = {isa = PBXBuildFile; fileRef = CF1002 /* Quote.swift */; };
		CB2003 /* SearchResult.swift in Sources */ = {isa = PBXBuildFile; fileRef = CF1003 /* SearchResult.swift */; };
		CB2004 /* DisplayMode.swift in Sources */ = {isa = PBXBuildFile; fileRef = CF1004 /* DisplayMode.swift */; };
		CB2015 /* PreferredCurrency.swift in Sources */ = {isa = PBXBuildFile; fileRef = CF1017 /* PreferredCurrency.swift */; };
		CB2016 /* MarketStatus.swift in Sources */ = {isa = PBXBuildFile; fileRef = CF1018 /* MarketStatus.swift */; };
		CB2005 /* QuoteService.swift in Sources */ = {isa = PBXBuildFile; fileRef = CF1005 /* QuoteService.swift */; };
		CB2006 /* SearchService.swift in Sources */ = {isa = PBXBuildFile; fileRef = CF1006 /* SearchService.swift */; };
		CB2007 /* CrestViewModel.swift in Sources */ = {isa = PBXBuildFile; fileRef = CF1007 /* CrestViewModel.swift */; };
		CB2008 /* CrestPanel.swift in Sources */ = {isa = PBXBuildFile; fileRef = CF1008 /* CrestPanel.swift */; };
		CB2009 /* WatchlistRowView.swift in Sources */ = {isa = PBXBuildFile; fileRef = CF1009 /* WatchlistRowView.swift */; };
		CB2010 /* AddTickerView.swift in Sources */ = {isa = PBXBuildFile; fileRef = CF1010 /* AddTickerView.swift */; };
		CB2011 /* SettingsView.swift in Sources */ = {isa = PBXBuildFile; fileRef = CF1011 /* SettingsView.swift */; };
		CB2012 /* MenuBarLabel.swift in Sources */ = {isa = PBXBuildFile; fileRef = CF1012 /* MenuBarLabel.swift */; };
		CB2013 /* Assets.xcassets in Resources */ = {isa = PBXBuildFile; fileRef = CF1013 /* Assets.xcassets */; };
		CB2014 /* ServiceManagement.framework in Frameworks */ = {isa = PBXBuildFile; fileRef = CF1016 /* ServiceManagement.framework */; };
/* End PBXBuildFile section */

/* Begin PBXFileReference section */
		CF1001 /* CrestApp.swift */ = {isa = PBXFileReference; lastKnownFileType = sourcecode.swift; path = CrestApp.swift; sourceTree = "<group>"; };
		CF1002 /* Quote.swift */ = {isa = PBXFileReference; lastKnownFileType = sourcecode.swift; path = Quote.swift; sourceTree = "<group>"; };
		CF1003 /* SearchResult.swift */ = {isa = PBXFileReference; lastKnownFileType = sourcecode.swift; path = SearchResult.swift; sourceTree = "<group>"; };
		CF1004 /* DisplayMode.swift */ = {isa = PBXFileReference; lastKnownFileType = sourcecode.swift; path = DisplayMode.swift; sourceTree = "<group>"; };
		CF1017 /* PreferredCurrency.swift */ = {isa = PBXFileReference; lastKnownFileType = sourcecode.swift; path = PreferredCurrency.swift; sourceTree = "<group>"; };
		CF1018 /* MarketStatus.swift */ = {isa = PBXFileReference; lastKnownFileType = sourcecode.swift; path = MarketStatus.swift; sourceTree = "<group>"; };
		CF1005 /* QuoteService.swift */ = {isa = PBXFileReference; lastKnownFileType = sourcecode.swift; path = QuoteService.swift; sourceTree = "<group>"; };
		CF1006 /* SearchService.swift */ = {isa = PBXFileReference; lastKnownFileType = sourcecode.swift; path = SearchService.swift; sourceTree = "<group>"; };
		CF1007 /* CrestViewModel.swift */ = {isa = PBXFileReference; lastKnownFileType = sourcecode.swift; path = CrestViewModel.swift; sourceTree = "<group>"; };
		CF1008 /* CrestPanel.swift */ = {isa = PBXFileReference; lastKnownFileType = sourcecode.swift; path = CrestPanel.swift; sourceTree = "<group>"; };
		CF1009 /* WatchlistRowView.swift */ = {isa = PBXFileReference; lastKnownFileType = sourcecode.swift; path = WatchlistRowView.swift; sourceTree = "<group>"; };
		CF1010 /* AddTickerView.swift */ = {isa = PBXFileReference; lastKnownFileType = sourcecode.swift; path = AddTickerView.swift; sourceTree = "<group>"; };
		CF1011 /* SettingsView.swift */ = {isa = PBXFileReference; lastKnownFileType = sourcecode.swift; path = SettingsView.swift; sourceTree = "<group>"; };
		CF1012 /* MenuBarLabel.swift */ = {isa = PBXFileReference; lastKnownFileType = sourcecode.swift; path = MenuBarLabel.swift; sourceTree = "<group>"; };
		CF1013 /* Assets.xcassets */ = {isa = PBXFileReference; lastKnownFileType = folder.assetcatalog; path = Assets.xcassets; sourceTree = "<group>"; };
		CF1014 /* Info.plist */ = {isa = PBXFileReference; lastKnownFileType = text.plist.xml; path = Info.plist; sourceTree = "<group>"; };
		CF1015 /* Crest.entitlements */ = {isa = PBXFileReference; lastKnownFileType = text.plist.entitlements; path = Crest.entitlements; sourceTree = "<group>"; };
		CF1016 /* ServiceManagement.framework */ = {isa = PBXFileReference; lastKnownFileType = wrapper.framework; name = ServiceManagement.framework; path = System/Library/Frameworks/ServiceManagement.framework; sourceTree = SDKROOT; };
		CT7001 /* Crest.app */ = {isa = PBXFileReference; explicitFileType = wrapper.application; includeInIndex = 0; path = Crest.app; sourceTree = BUILT_PRODUCTS_DIR; };
/* End PBXFileReference section */

/* Begin PBXFrameworksBuildPhase section */
		CP3001 /* Frameworks */ = {
			isa = PBXFrameworksBuildPhase;
			buildActionMask = 2147483647;
			files = (
				CB2014 /* ServiceManagement.framework in Frameworks */,
			);
			runOnlyForDeploymentPostprocessing = 0;
		};
/* End PBXFrameworksBuildPhase section */

/* Begin PBXGroup section */
		CG4000 /* root */ = {
			isa = PBXGroup;
			children = (
				CG4001 /* Crest */,
				CG4010 /* Frameworks */,
				CG4011 /* Products */,
			);
			sourceTree = "<group>";
		};
		CG4001 /* Crest */ = {
			isa = PBXGroup;
			children = (
				CF1001 /* CrestApp.swift */,
				CF1014 /* Info.plist */,
				CF1015 /* Crest.entitlements */,
				CF1013 /* Assets.xcassets */,
				CG4002 /* Models */,
				CG4003 /* Services */,
				CG4004 /* ViewModels */,
				CG4005 /* Views */,
			);
			path = Crest;
			sourceTree = "<group>";
		};
		CG4002 /* Models */ = {
			isa = PBXGroup;
			children = (
				CF1002 /* Quote.swift */,
				CF1003 /* SearchResult.swift */,
				CF1004 /* DisplayMode.swift */,
				CF1017 /* PreferredCurrency.swift */,
				CF1018 /* MarketStatus.swift */,
			);
			path = Models;
			sourceTree = "<group>";
		};
		CG4003 /* Services */ = {
			isa = PBXGroup;
			children = (
				CF1005 /* QuoteService.swift */,
				CF1006 /* SearchService.swift */,
			);
			path = Services;
			sourceTree = "<group>";
		};
		CG4004 /* ViewModels */ = {
			isa = PBXGroup;
			children = (
				CF1007 /* CrestViewModel.swift */,
			);
			path = ViewModels;
			sourceTree = "<group>";
		};
		CG4005 /* Views */ = {
			isa = PBXGroup;
			children = (
				CF1008 /* CrestPanel.swift */,
				CF1009 /* WatchlistRowView.swift */,
				CF1010 /* AddTickerView.swift */,
				CF1011 /* SettingsView.swift */,
				CF1012 /* MenuBarLabel.swift */,
			);
			path = Views;
			sourceTree = "<group>";
		};
		CG4010 /* Frameworks */ = {
			isa = PBXGroup;
			children = (
				CF1016 /* ServiceManagement.framework */,
			);
			name = Frameworks;
			sourceTree = "<group>";
		};
		CG4011 /* Products */ = {
			isa = PBXGroup;
			children = (
				CT7001 /* Crest.app */,
			);
			name = Products;
			sourceTree = "<group>";
		};
/* End PBXGroup section */

/* Begin PBXNativeTarget section */
		CT7002 /* Crest */ = {
			isa = PBXNativeTarget;
			buildConfigurationList = CL6001 /* Build configuration list for PBXNativeTarget "Crest" */;
			buildPhases = (
				CP3002 /* Sources */,
				CP3001 /* Frameworks */,
				CP3003 /* Resources */,
			);
			buildRules = (
			);
			dependencies = (
			);
			name = Crest;
			productName = Crest;
			productReference = CT7001 /* Crest.app */;
			productType = "com.apple.product-type.application";
		};
/* End PBXNativeTarget section */

/* Begin PBXProject section */
		CT7003 /* Project object */ = {
			isa = PBXProject;
			attributes = {
				BuildIndependentTargetsInParallel = 1;
				LastSwiftUpdateCheck = 1500;
				LastUpgradeCheck = 1500;
				TargetAttributes = {
					CT7002 = {
						CreatedOnToolsVersion = 15.0;
					};
				};
			};
			buildConfigurationList = CL6002 /* Build configuration list for PBXProject "Crest" */;
			compatibilityVersion = "Xcode 14.0";
			developmentRegion = en;
			hasScannedForEncodings = 0;
			knownRegions = (
				en,
				Base,
			);
			mainGroup = CG4000 /* root */;
			productRefGroup = CG4011 /* Products */;
			projectDirPath = "";
			projectRoot = "";
			targets = (
				CT7002 /* Crest */,
			);
		};
/* End PBXProject section */

/* Begin PBXResourcesBuildPhase section */
		CP3003 /* Resources */ = {
			isa = PBXResourcesBuildPhase;
			buildActionMask = 2147483647;
			files = (
				CB2013 /* Assets.xcassets in Resources */,
			);
			runOnlyForDeploymentPostprocessing = 0;
		};
/* End PBXResourcesBuildPhase section */

/* Begin PBXSourcesBuildPhase section */
		CP3002 /* Sources */ = {
			isa = PBXSourcesBuildPhase;
			buildActionMask = 2147483647;
			files = (
				CB2001 /* CrestApp.swift in Sources */,
				CB2002 /* Quote.swift in Sources */,
				CB2003 /* SearchResult.swift in Sources */,
				CB2004 /* DisplayMode.swift in Sources */,
				CB2015 /* PreferredCurrency.swift in Sources */,
				CB2016 /* MarketStatus.swift in Sources */,
				CB2005 /* QuoteService.swift in Sources */,
				CB2006 /* SearchService.swift in Sources */,
				CB2007 /* CrestViewModel.swift in Sources */,
				CB2008 /* CrestPanel.swift in Sources */,
				CB2009 /* WatchlistRowView.swift in Sources */,
				CB2010 /* AddTickerView.swift in Sources */,
				CB2011 /* SettingsView.swift in Sources */,
				CB2012 /* MenuBarLabel.swift in Sources */,
			);
			runOnlyForDeploymentPostprocessing = 0;
		};
/* End PBXSourcesBuildPhase section */

/* Begin XCBuildConfiguration section */
		CC5001 /* Debug */ = {
			isa = XCBuildConfiguration;
			buildSettings = {
				ALWAYS_SEARCH_USER_PATHS = NO;
				ASSETCATALOG_COMPILER_APPICON_NAME = AppIcon;
				CLANG_ANALYZER_NONNULL = YES;
				CLANG_ANALYZER_NUMBER_OBJECT_CONVERSION = YES_AGGRESSIVE;
				CLANG_CXX_LANGUAGE_STANDARD = "gnu++20";
				CLANG_ENABLE_MODULES = YES;
				CLANG_ENABLE_OBJC_ARC = YES;
				CLANG_ENABLE_OBJC_WEAK = YES;
				CLANG_WARN_BLOCK_CAPTURE_AUTORELEASING = YES;
				CLANG_WARN_BOOL_CONVERSION = YES;
				CLANG_WARN_COMMA = YES;
				CLANG_WARN_CONSTANT_CONVERSION = YES;
				CLANG_WARN_DEPRECATED_OBJC_IMPLEMENTATIONS = YES;
				CLANG_WARN_DIRECT_OBJC_ISA_USAGE = YES_ERROR;
				CLANG_WARN_DOCUMENTATION_COMMENTS = YES;
				CLANG_WARN_EMPTY_BODY = YES;
				CLANG_WARN_ENUM_CONVERSION = YES;
				CLANG_WARN_INFINITE_RECURSION = YES;
				CLANG_WARN_INT_CONVERSION = YES;
				CLANG_WARN_NON_LITERAL_NULL_CONVERSION = YES;
				CLANG_WARN_OBJC_IMPLICIT_RETAIN_CYCLES = YES;
				CLANG_WARN_OBJC_LITERAL_CONVERSION = YES;
				CLANG_WARN_OBJC_ROOT_CLASS = YES_ERROR;
				CLANG_WARN_QUOTED_INCLUDE_IN_FRAMEWORK_HEADER = YES;
				CLANG_WARN_RANGE_LOOP_ANALYSIS = YES;
				CLANG_WARN_STRICT_PROTOTYPES = YES;
				CLANG_WARN_SUSPICIOUS_MOVE = YES;
				CLANG_WARN_UNGUARDED_AVAILABILITY = YES_AGGRESSIVE;
				CLANG_WARN_UNREACHABLE_CODE = YES;
				CLANG_WARN__DUPLICATE_METHOD_MATCH = YES;
				COPY_PHASE_STRIP = NO;
				DEBUG_INFORMATION_FORMAT = dwarf;
				ENABLE_STRICT_OBJC_MSGSEND = YES;
				ENABLE_TESTABILITY = YES;
				ENABLE_USER_SCRIPT_SANDBOXING = NO;
				GCC_C_LANGUAGE_STANDARD = gnu17;
				GCC_DYNAMIC_NO_PIC = NO;
				GCC_NO_COMMON_BLOCKS = YES;
				GCC_OPTIMIZATION_LEVEL = 0;
				GCC_PREPROCESSOR_DEFINITIONS = (
					"DEBUG=1",
					"$(inherited)",
				);
				GCC_WARN_64_TO_32_BIT_CONVERSION = YES;
				GCC_WARN_ABOUT_RETURN_TYPE = YES_ERROR;
				GCC_WARN_UNDECLARED_SELECTOR = YES;
				GCC_WARN_UNINITIALIZED_AUTOS = YES_AGGRESSIVE;
				GCC_WARN_UNUSED_FUNCTION = YES;
				GCC_WARN_UNUSED_VARIABLE = YES;
				MACOSX_DEPLOYMENT_TARGET = 14.0;
				MTL_ENABLE_DEBUG_INFO = INCLUDE_SOURCE;
				MTL_FAST_MATH = YES;
				ONLY_ACTIVE_ARCH = YES;
				SDKROOT = macosx;
				SWIFT_ACTIVE_COMPILATION_CONDITIONS = DEBUG;
				SWIFT_OPTIMIZATION_LEVEL = "-Onone";
			};
			name = Debug;
		};
		CC5002 /* Release */ = {
			isa = XCBuildConfiguration;
			buildSettings = {
				ALWAYS_SEARCH_USER_PATHS = NO;
				ASSETCATALOG_COMPILER_APPICON_NAME = AppIcon;
				CLANG_ANALYZER_NONNULL = YES;
				CLANG_ANALYZER_NUMBER_OBJECT_CONVERSION = YES_AGGRESSIVE;
				CLANG_CXX_LANGUAGE_STANDARD = "gnu++20";
				CLANG_ENABLE_MODULES = YES;
				CLANG_ENABLE_OBJC_ARC = YES;
				CLANG_ENABLE_OBJC_WEAK = YES;
				CLANG_WARN_BLOCK_CAPTURE_AUTORELEASING = YES;
				CLANG_WARN_BOOL_CONVERSION = YES;
				CLANG_WARN_COMMA = YES;
				CLANG_WARN_CONSTANT_CONVERSION = YES;
				CLANG_WARN_DEPRECATED_OBJC_IMPLEMENTATIONS = YES;
				CLANG_WARN_DIRECT_OBJC_ISA_USAGE = YES_ERROR;
				CLANG_WARN_DOCUMENTATION_COMMENTS = YES;
				CLANG_WARN_EMPTY_BODY = YES;
				CLANG_WARN_ENUM_CONVERSION = YES;
				CLANG_WARN_INFINITE_RECURSION = YES;
				CLANG_WARN_INT_CONVERSION = YES;
				CLANG_WARN_NON_LITERAL_NULL_CONVERSION = YES;
				CLANG_WARN_OBJC_IMPLICIT_RETAIN_CYCLES = YES;
				CLANG_WARN_OBJC_LITERAL_CONVERSION = YES;
				CLANG_WARN_OBJC_ROOT_CLASS = YES_ERROR;
				CLANG_WARN_QUOTED_INCLUDE_IN_FRAMEWORK_HEADER = YES;
				CLANG_WARN_RANGE_LOOP_ANALYSIS = YES;
				CLANG_WARN_STRICT_PROTOTYPES = YES;
				CLANG_WARN_SUSPICIOUS_MOVE = YES;
				CLANG_WARN_UNGUARDED_AVAILABILITY = YES_AGGRESSIVE;
				CLANG_WARN_UNREACHABLE_CODE = YES;
				CLANG_WARN__DUPLICATE_METHOD_MATCH = YES;
				COPY_PHASE_STRIP = NO;
				DEBUG_INFORMATION_FORMAT = "dwarf-with-dsym";
				ENABLE_NS_ASSERTIONS = NO;
				ENABLE_STRICT_OBJC_MSGSEND = YES;
				ENABLE_USER_SCRIPT_SANDBOXING = NO;
				GCC_C_LANGUAGE_STANDARD = gnu17;
				GCC_NO_COMMON_BLOCKS = YES;
				GCC_WARN_64_TO_32_BIT_CONVERSION = YES;
				GCC_WARN_ABOUT_RETURN_TYPE = YES_ERROR;
				GCC_WARN_UNDECLARED_SELECTOR = YES;
				GCC_WARN_UNINITIALIZED_AUTOS = YES_AGGRESSIVE;
				GCC_WARN_UNUSED_FUNCTION = YES;
				GCC_WARN_UNUSED_VARIABLE = YES;
				MACOSX_DEPLOYMENT_TARGET = 14.0;
				MTL_FAST_MATH = YES;
				SDKROOT = macosx;
				SWIFT_COMPILATION_MODE = wholemodule;
				SWIFT_OPTIMIZATION_LEVEL = "-O";
			};
			name = Release;
		};
		CC5003 /* Debug */ = {
			isa = XCBuildConfiguration;
			buildSettings = {
				APP_SANDBOX_ENABLED = YES;
				ASSETCATALOG_COMPILER_APPICON_NAME = AppIcon;
				CODE_SIGN_ENTITLEMENTS = Crest/Crest.entitlements;
				CODE_SIGN_IDENTITY = "-";
				CODE_SIGN_STYLE = Manual;
				COMBINE_HIDPI_IMAGES = YES;
				CURRENT_PROJECT_VERSION = 1;
				DEVELOPMENT_TEAM = "";
				ENABLE_USER_SCRIPT_SANDBOXING = NO;
				GENERATE_INFOPLIST_FILE = NO;
				INFOPLIST_FILE = Crest/Info.plist;
				LD_RUNPATH_SEARCH_PATHS = (
					"$(inherited)",
					"@executable_path/../Frameworks",
				);
				MARKETING_VERSION = 1.0;
				PRODUCT_BUNDLE_IDENTIFIER = "io.zvh.crest";
				PRODUCT_NAME = "$(TARGET_NAME)";
				PROVISIONING_PROFILE_SPECIFIER = "";
				SWIFT_EMIT_LOC_STRINGS = YES;
				SWIFT_VERSION = 5.0;
			};
			name = Debug;
		};
		CC5004 /* Release */ = {
			isa = XCBuildConfiguration;
			buildSettings = {
				APP_SANDBOX_ENABLED = YES;
				ASSETCATALOG_COMPILER_APPICON_NAME = AppIcon;
				CODE_SIGN_ENTITLEMENTS = Crest/Crest.entitlements;
				CODE_SIGN_IDENTITY = "-";
				CODE_SIGN_STYLE = Manual;
				COMBINE_HIDPI_IMAGES = YES;
				CURRENT_PROJECT_VERSION = 1;
				DEVELOPMENT_TEAM = "";
				ENABLE_USER_SCRIPT_SANDBOXING = NO;
				GENERATE_INFOPLIST_FILE = NO;
				INFOPLIST_FILE = Crest/Info.plist;
				LD_RUNPATH_SEARCH_PATHS = (
					"$(inherited)",
					"@executable_path/../Frameworks",
				);
				MARKETING_VERSION = 1.0;
				PRODUCT_BUNDLE_IDENTIFIER = "io.zvh.crest";
				PRODUCT_NAME = "$(TARGET_NAME)";
				PROVISIONING_PROFILE_SPECIFIER = "";
				SWIFT_EMIT_LOC_STRINGS = YES;
				SWIFT_VERSION = 5.0;
			};
			name = Release;
		};
/* End XCBuildConfiguration section */

/* Begin XCConfigurationList section */
		CL6001 /* Build configuration list for PBXNativeTarget "Crest" */ = {
			isa = XCConfigurationList;
			buildConfigurations = (
				CC5003 /* Debug */,
				CC5004 /* Release */,
			);
			defaultConfigurationIsVisible = 0;
			defaultConfigurationName = Release;
		};
		CL6002 /* Build configuration list for PBXProject "Crest" */ = {
			isa = XCConfigurationList;
			buildConfigurations = (
				CC5001 /* Debug */,
				CC5002 /* Release */,
			);
			defaultConfigurationIsVisible = 0;
			defaultConfigurationName = Release;
		};
/* End XCConfigurationList section */

	};
	rootObject = CT7003 /* Project object */;
}
